schema: '2.0'
stages:
  train:
    cmd: python src/train.py
    deps:
    - path: src/dataset.py
      hash: md5
      md5: 730cec05e71a61bc1860eb63ec55c4d3
      size: 2539
    - path: src/models.py
      hash: md5
      md5: d46862b1c30ce77b815092d1b0d19dd7
      size: 1680
    - path: src/train.py
      hash: md5
      md5: fcda8cbdbb487f8b5389ba7162ddf8b0
      size: 10952
    params:
      params.yaml:
        BATCH_SIZE: 32
        CRITERION: mse
        EPOCHS: 30
        FREEZE_LAYERS: true
        IMG_SIZE: 224
        LEARNING_RATE: 0.001
        MODEL_STRUCTURE: resnet18
        OPTIMIZER: adam
        SCHEDULER: step
    outs:
    - path: metrics
      hash: md5
      md5: f5acef90fe802fbc1ccc08588752caf4.dir
      size: 2311
      nfiles: 4
    - path: models
      hash: md5
      md5: 4a3380c21a51f7cc4322d7c01bbb6387.dir
      size: 225581616
      nfiles: 2
  inference:
    cmd: python src/inference.py
    deps:
    - path: data/test/
      hash: md5
      md5: b343e853ed6d903a57c501accb8dbdc8.dir
      size: 134925109
      nfiles: 2308
    - path: data/test_frames_keypoints.csv
      hash: md5
      md5: dd5e5e457a314cec0f593bc034b147db
      size: 590606
    - path: models/
      hash: md5
      md5: 4a3380c21a51f7cc4322d7c01bbb6387.dir
      size: 225581616
      nfiles: 2
    - path: src/inference.py
      hash: md5
      md5: 8977eb38aaec00b633a80496d62ad707
      size: 2295
    params:
      params.yaml:
        IMG_SIZE: 224
        ROOT_DIR: data
    outs:
    - path: data/predictions
      hash: md5
      md5: f8581176263b921333a71867805f4f63.dir
      size: 105696257
      nfiles: 770
