schema: '2.0'
stages:
  train:
    cmd: python src/train.py
    deps:
    - path: src/dataset.py
      hash: md5
      md5: 730cec05e71a61bc1860eb63ec55c4d3
      size: 2539
    - path: src/models.py
      hash: md5
      md5: 451ee03baf3dec7a451d931b45fda4f8
      size: 627
    - path: src/train.py
      hash: md5
      md5: 7ce5701a5a94a89ba8bf8e3e6e80a743
      size: 10641
    params:
      params.yaml:
        BATCH_SIZE: 16
        CRITERION: mse
        EPOCHS: 10
        IMG_SIZE: 224
        LEARNING_RATE: 0.001
        MODEL_STRUCTURE: resnet18
        OPTIMIZER: adam
        SCHEDULER: constant
    outs:
    - path: metrics
      hash: md5
      md5: 00e6d5073b63adb1557d01999cb27508.dir
      size: 870
      nfiles: 4
    - path: models
      hash: md5
      md5: 03039106990fd310dc8e9ccd7ecae7b1.dir
      size: 270176276
      nfiles: 2
  inference:
    cmd: python src/inference.py
    deps:
    - path: data/test/
      hash: md5
      md5: b343e853ed6d903a57c501accb8dbdc8.dir
      size: 134925109
      nfiles: 2308
    - path: data/test_frames_keypoints.csv
      hash: md5
      md5: dd5e5e457a314cec0f593bc034b147db
      size: 590606
    - path: models/
      hash: md5
      md5: 03039106990fd310dc8e9ccd7ecae7b1.dir
      size: 270176276
      nfiles: 2
    - path: src/inference.py
      hash: md5
      md5: 8977eb38aaec00b633a80496d62ad707
      size: 2295
    params:
      params.yaml:
        IMG_SIZE: 224
        ROOT_DIR: data
    outs:
    - path: data/predictions
      hash: md5
      md5: f8608737d09ace72a912ec238cfd552c.dir
      size: 106030315
      nfiles: 770
